// !$*UTF8*$!
{
	archiveVersion = 1;
	classes = {
	};
	objectVersion = 51;
	objects = {

/* Begin PBXBuildFile section */
		C7039EE22473BC4600A8845B /* Coordinatable.swift in Sources */ = {isa = PBXBuildFile; fileRef = C7039EE12473BC4600A8845B /* Coordinatable.swift */; };
		C7039EE72473CF6300A8845B /* ResultsSceneVC.swift in Sources */ = {isa = PBXBuildFile; fileRef = C7039EE62473CF6300A8845B /* ResultsSceneVC.swift */; };
		C7039EE92473CF7B00A8845B /* ResultsSceneVM.swift in Sources */ = {isa = PBXBuildFile; fileRef = C7039EE82473CF7B00A8845B /* ResultsSceneVM.swift */; };
		C7039EEB2473CF8F00A8845B /* ResultsScene.storyboard in Resources */ = {isa = PBXBuildFile; fileRef = C7039EEA2473CF8F00A8845B /* ResultsScene.storyboard */; };
		C7039EEF2473CFD800A8845B /* ViewResultTableViewCell.swift in Sources */ = {isa = PBXBuildFile; fileRef = C7039EED2473CFD800A8845B /* ViewResultTableViewCell.swift */; };
		C7039EF02473CFD800A8845B /* ViewResultTableViewCell.xib in Resources */ = {isa = PBXBuildFile; fileRef = C7039EEE2473CFD800A8845B /* ViewResultTableViewCell.xib */; };
		C7039EF22474270300A8845B /* RandomComponents.storyboard in Resources */ = {isa = PBXBuildFile; fileRef = C7039EF12474270300A8845B /* RandomComponents.storyboard */; };
		C7039EF52474276200A8845B /* RandomNumberSceneVC.swift in Sources */ = {isa = PBXBuildFile; fileRef = C7039EF42474276200A8845B /* RandomNumberSceneVC.swift */; };
		C7039EF72474283C00A8845B /* RandomNumberSceneVM.swift in Sources */ = {isa = PBXBuildFile; fileRef = C7039EF62474283C00A8845B /* RandomNumberSceneVM.swift */; };
		C7039EF92474293200A8845B /* TabBarCoordinator.swift in Sources */ = {isa = PBXBuildFile; fileRef = C7039EF82474293200A8845B /* TabBarCoordinator.swift */; };
		C7039EFC24742A2700A8845B /* TabBarVC.swift in Sources */ = {isa = PBXBuildFile; fileRef = C7039EFB24742A2700A8845B /* TabBarVC.swift */; };
		C7039EFE24742A3A00A8845B /* MainNavigation.storyboard in Resources */ = {isa = PBXBuildFile; fileRef = C7039EFD24742A3A00A8845B /* MainNavigation.storyboard */; };
		C70A4DD12472664F00E70996 /* SelectScene.storyboard in Resources */ = {isa = PBXBuildFile; fileRef = C70A4DD02472664F00E70996 /* SelectScene.storyboard */; };
		C70A4DD32472666700E70996 /* SelectSceneVC.swift in Sources */ = {isa = PBXBuildFile; fileRef = C70A4DD22472666700E70996 /* SelectSceneVC.swift */; };
		C70A4DD52472667800E70996 /* SelectSceneVM.swift in Sources */ = {isa = PBXBuildFile; fileRef = C70A4DD42472667800E70996 /* SelectSceneVM.swift */; };
		C70A4DD72472668B00E70996 /* SelectSceneCoordinator.swift in Sources */ = {isa = PBXBuildFile; fileRef = C70A4DD62472668B00E70996 /* SelectSceneCoordinator.swift */; };
		C7143AC024751A6300DC8DEA /* RecentResultsRepository.swift in Sources */ = {isa = PBXBuildFile; fileRef = C7143ABF24751A6300DC8DEA /* RecentResultsRepository.swift */; };
		C7143AC224751D0500DC8DEA /* UserDefaultsRepository.swift in Sources */ = {isa = PBXBuildFile; fileRef = C7143AC124751D0500DC8DEA /* UserDefaultsRepository.swift */; };
		C733EB0724725D7800274445 /* AppDelegate.swift in Sources */ = {isa = PBXBuildFile; fileRef = C733EB0624725D7800274445 /* AppDelegate.swift */; };
		C733EB1024725D7900274445 /* Assets.xcassets in Resources */ = {isa = PBXBuildFile; fileRef = C733EB0F24725D7900274445 /* Assets.xcassets */; };
		C733EB1324725D7900274445 /* LaunchScreen.storyboard in Resources */ = {isa = PBXBuildFile; fileRef = C733EB1124725D7900274445 /* LaunchScreen.storyboard */; };
		C733EB1C2472608900274445 /* Coordinator.swift in Sources */ = {isa = PBXBuildFile; fileRef = C733EB1B2472608900274445 /* Coordinator.swift */; };
		C733EB1E2472610400274445 /* AppCoordinator.swift in Sources */ = {isa = PBXBuildFile; fileRef = C733EB1D2472610400274445 /* AppCoordinator.swift */; };
		C733EB20247261FF00274445 /* StoryboardInstantiatable.swift in Sources */ = {isa = PBXBuildFile; fileRef = C733EB1F247261FF00274445 /* StoryboardInstantiatable.swift */; };
		C76699E2247430C900905DE1 /* Coordinator+AppCoordinator.swift in Sources */ = {isa = PBXBuildFile; fileRef = C76699E1247430C900905DE1 /* Coordinator+AppCoordinator.swift */; };
		C7E7A69A2472C7BD0027322C /* Configurator.swift in Sources */ = {isa = PBXBuildFile; fileRef = C7E7A6992472C7BD0027322C /* Configurator.swift */; };
		C7E7A69C2472C7C50027322C /* DataSource.swift in Sources */ = {isa = PBXBuildFile; fileRef = C7E7A69B2472C7C50027322C /* DataSource.swift */; };
		C7E7A6A02472CC2D0027322C /* RandomComponentTableViewCell.swift in Sources */ = {isa = PBXBuildFile; fileRef = C7E7A69E2472CC2D0027322C /* RandomComponentTableViewCell.swift */; };
		C7E7A6A12472CC2D0027322C /* RandomComponentTableViewCell.xib in Resources */ = {isa = PBXBuildFile; fileRef = C7E7A69F2472CC2D0027322C /* RandomComponentTableViewCell.xib */; };
		C7E7A6A52473B6990027322C /* RandomComponentsEnum.swift in Sources */ = {isa = PBXBuildFile; fileRef = C7E7A6A42473B6990027322C /* RandomComponentsEnum.swift */; };
		FC883E873CD98BBEE5E3DEC4 /* Pods_RandomatorDemoApp.framework in Frameworks */ = {isa = PBXBuildFile; fileRef = A7A488F3FE770F9CF3AE8C7F /* Pods_RandomatorDemoApp.framework */; };
/* End PBXBuildFile section */

/* Begin PBXFileReference section */
		7F32D69737663E83B3CF00C3 /* Pods-RandomatorDemoApp.debug.xcconfig */ = {isa = PBXFileReference; includeInIndex = 1; lastKnownFileType = text.xcconfig; name = "Pods-RandomatorDemoApp.debug.xcconfig"; path = "Target Support Files/Pods-RandomatorDemoApp/Pods-RandomatorDemoApp.debug.xcconfig"; sourceTree = "<group>"; };
		A7A488F3FE770F9CF3AE8C7F /* Pods_RandomatorDemoApp.framework */ = {isa = PBXFileReference; explicitFileType = wrapper.framework; includeInIndex = 0; path = Pods_RandomatorDemoApp.framework; sourceTree = BUILT_PRODUCTS_DIR; };
		B667EB745053B798C5E8CF70 /* Pods-RandomatorDemoApp.release.xcconfig */ = {isa = PBXFileReference; includeInIndex = 1; lastKnownFileType = text.xcconfig; name = "Pods-RandomatorDemoApp.release.xcconfig"; path = "Target Support Files/Pods-RandomatorDemoApp/Pods-RandomatorDemoApp.release.xcconfig"; sourceTree = "<group>"; };
		C7039EE12473BC4600A8845B /* Coordinatable.swift */ = {isa = PBXFileReference; lastKnownFileType = sourcecode.swift; path = Coordinatable.swift; sourceTree = "<group>"; };
		C7039EE62473CF6300A8845B /* ResultsSceneVC.swift */ = {isa = PBXFileReference; lastKnownFileType = sourcecode.swift; path = ResultsSceneVC.swift; sourceTree = "<group>"; };
		C7039EE82473CF7B00A8845B /* ResultsSceneVM.swift */ = {isa = PBXFileReference; lastKnownFileType = sourcecode.swift; path = ResultsSceneVM.swift; sourceTree = "<group>"; };
		C7039EEA2473CF8F00A8845B /* ResultsScene.storyboard */ = {isa = PBXFileReference; lastKnownFileType = file.storyboard; path = ResultsScene.storyboard; sourceTree = "<group>"; };
		C7039EED2473CFD800A8845B /* ViewResultTableViewCell.swift */ = {isa = PBXFileReference; lastKnownFileType = sourcecode.swift; path = ViewResultTableViewCell.swift; sourceTree = "<group>"; };
		C7039EEE2473CFD800A8845B /* ViewResultTableViewCell.xib */ = {isa = PBXFileReference; lastKnownFileType = file.xib; path = ViewResultTableViewCell.xib; sourceTree = "<group>"; };
		C7039EF12474270300A8845B /* RandomComponents.storyboard */ = {isa = PBXFileReference; lastKnownFileType = file.storyboard; path = RandomComponents.storyboard; sourceTree = "<group>"; };
		C7039EF42474276200A8845B /* RandomNumberSceneVC.swift */ = {isa = PBXFileReference; lastKnownFileType = sourcecode.swift; path = RandomNumberSceneVC.swift; sourceTree = "<group>"; };
		C7039EF62474283C00A8845B /* RandomNumberSceneVM.swift */ = {isa = PBXFileReference; lastKnownFileType = sourcecode.swift; path = RandomNumberSceneVM.swift; sourceTree = "<group>"; };
		C7039EF82474293200A8845B /* TabBarCoordinator.swift */ = {isa = PBXFileReference; lastKnownFileType = sourcecode.swift; path = TabBarCoordinator.swift; sourceTree = "<group>"; };
		C7039EFB24742A2700A8845B /* TabBarVC.swift */ = {isa = PBXFileReference; lastKnownFileType = sourcecode.swift; path = TabBarVC.swift; sourceTree = "<group>"; };
		C7039EFD24742A3A00A8845B /* MainNavigation.storyboard */ = {isa = PBXFileReference; lastKnownFileType = file.storyboard; path = MainNavigation.storyboard; sourceTree = "<group>"; };
		C70A4DD02472664F00E70996 /* SelectScene.storyboard */ = {isa = PBXFileReference; lastKnownFileType = file.storyboard; path = SelectScene.storyboard; sourceTree = "<group>"; };
		C70A4DD22472666700E70996 /* SelectSceneVC.swift */ = {isa = PBXFileReference; lastKnownFileType = sourcecode.swift; path = SelectSceneVC.swift; sourceTree = "<group>"; };
		C70A4DD42472667800E70996 /* SelectSceneVM.swift */ = {isa = PBXFileReference; lastKnownFileType = sourcecode.swift; path = SelectSceneVM.swift; sourceTree = "<group>"; };
		C70A4DD62472668B00E70996 /* SelectSceneCoordinator.swift */ = {isa = PBXFileReference; lastKnownFileType = sourcecode.swift; path = SelectSceneCoordinator.swift; sourceTree = "<group>"; };
		C7143ABF24751A6300DC8DEA /* RecentResultsRepository.swift */ = {isa = PBXFileReference; lastKnownFileType = sourcecode.swift; path = RecentResultsRepository.swift; sourceTree = "<group>"; };
		C7143AC124751D0500DC8DEA /* UserDefaultsRepository.swift */ = {isa = PBXFileReference; lastKnownFileType = sourcecode.swift; path = UserDefaultsRepository.swift; sourceTree = "<group>"; };
		C733EB0324725D7800274445 /* RandomatorDemoApp.app */ = {isa = PBXFileReference; explicitFileType = wrapper.application; includeInIndex = 0; path = RandomatorDemoApp.app; sourceTree = BUILT_PRODUCTS_DIR; };
		C733EB0624725D7800274445 /* AppDelegate.swift */ = {isa = PBXFileReference; lastKnownFileType = sourcecode.swift; path = AppDelegate.swift; sourceTree = "<group>"; };
		C733EB0F24725D7900274445 /* Assets.xcassets */ = {isa = PBXFileReference; lastKnownFileType = folder.assetcatalog; path = Assets.xcassets; sourceTree = "<group>"; };
		C733EB1224725D7900274445 /* Base */ = {isa = PBXFileReference; lastKnownFileType = file.storyboard; name = Base; path = Base.lproj/LaunchScreen.storyboard; sourceTree = "<group>"; };
		C733EB1424725D7900274445 /* Info.plist */ = {isa = PBXFileReference; lastKnownFileType = text.plist.xml; path = Info.plist; sourceTree = "<group>"; };
		C733EB1B2472608900274445 /* Coordinator.swift */ = {isa = PBXFileReference; lastKnownFileType = sourcecode.swift; path = Coordinator.swift; sourceTree = "<group>"; };
		C733EB1D2472610400274445 /* AppCoordinator.swift */ = {isa = PBXFileReference; lastKnownFileType = sourcecode.swift; path = AppCoordinator.swift; sourceTree = "<group>"; };
		C733EB1F247261FF00274445 /* StoryboardInstantiatable.swift */ = {isa = PBXFileReference; lastKnownFileType = sourcecode.swift; path = StoryboardInstantiatable.swift; sourceTree = "<group>"; };
		C76699E1247430C900905DE1 /* Coordinator+AppCoordinator.swift */ = {isa = PBXFileReference; lastKnownFileType = sourcecode.swift; path = "Coordinator+AppCoordinator.swift"; sourceTree = "<group>"; };
		C7E7A6992472C7BD0027322C /* Configurator.swift */ = {isa = PBXFileReference; lastKnownFileType = sourcecode.swift; path = Configurator.swift; sourceTree = "<group>"; };
		C7E7A69B2472C7C50027322C /* DataSource.swift */ = {isa = PBXFileReference; lastKnownFileType = sourcecode.swift; path = DataSource.swift; sourceTree = "<group>"; };
		C7E7A69E2472CC2D0027322C /* RandomComponentTableViewCell.swift */ = {isa = PBXFileReference; lastKnownFileType = sourcecode.swift; path = RandomComponentTableViewCell.swift; sourceTree = "<group>"; };
		C7E7A69F2472CC2D0027322C /* RandomComponentTableViewCell.xib */ = {isa = PBXFileReference; lastKnownFileType = file.xib; path = RandomComponentTableViewCell.xib; sourceTree = "<group>"; };
		C7E7A6A42473B6990027322C /* RandomComponentsEnum.swift */ = {isa = PBXFileReference; lastKnownFileType = sourcecode.swift; path = RandomComponentsEnum.swift; sourceTree = "<group>"; };
/* End PBXFileReference section */

/* Begin PBXFrameworksBuildPhase section */
		C733EB0024725D7800274445 /* Frameworks */ = {
			isa = PBXFrameworksBuildPhase;
			buildActionMask = 2147483647;
			files = (
				FC883E873CD98BBEE5E3DEC4 /* Pods_RandomatorDemoApp.framework in Frameworks */,
			);
			runOnlyForDeploymentPostprocessing = 0;
		};
/* End PBXFrameworksBuildPhase section */

/* Begin PBXGroup section */
		C7039EE32473CE5500A8845B /* ResultsSceneModule */ = {
			isa = PBXGroup;
			children = (
				C7039EEC2473CFA200A8845B /* Views */,
				C7039EE62473CF6300A8845B /* ResultsSceneVC.swift */,
				C7039EE82473CF7B00A8845B /* ResultsSceneVM.swift */,
				C7039EEA2473CF8F00A8845B /* ResultsScene.storyboard */,
			);
			path = ResultsSceneModule;
			sourceTree = "<group>";
		};
		C7039EEC2473CFA200A8845B /* Views */ = {
			isa = PBXGroup;
			children = (
				C7039EED2473CFD800A8845B /* ViewResultTableViewCell.swift */,
				C7039EEE2473CFD800A8845B /* ViewResultTableViewCell.xib */,
			);
			path = Views;
			sourceTree = "<group>";
		};
		C7039EF32474271500A8845B /* RandomNumberComponent */ = {
			isa = PBXGroup;
			children = (
				C7039EF42474276200A8845B /* RandomNumberSceneVC.swift */,
				C7039EF62474283C00A8845B /* RandomNumberSceneVM.swift */,
			);
			path = RandomNumberComponent;
			sourceTree = "<group>";
		};
		C7039EFA247429D200A8845B /* MainNavigation */ = {
			isa = PBXGroup;
			children = (
				C7039EF82474293200A8845B /* TabBarCoordinator.swift */,
				C7039EFB24742A2700A8845B /* TabBarVC.swift */,
				C7039EFD24742A3A00A8845B /* MainNavigation.storyboard */,
			);
			path = MainNavigation;
			sourceTree = "<group>";
		};
		C70A4DCF2472662900E70996 /* SelectSceneModule */ = {
			isa = PBXGroup;
			children = (
				C7E7A69D2472CBFC0027322C /* Views */,
				C70A4DD62472668B00E70996 /* SelectSceneCoordinator.swift */,
				C70A4DD22472666700E70996 /* SelectSceneVC.swift */,
				C70A4DD42472667800E70996 /* SelectSceneVM.swift */,
				C70A4DD02472664F00E70996 /* SelectScene.storyboard */,
			);
			path = SelectSceneModule;
			sourceTree = "<group>";
		};
		C7143ABE24751A4500DC8DEA /* Repositories */ = {
			isa = PBXGroup;
			children = (
				C7143ABF24751A6300DC8DEA /* RecentResultsRepository.swift */,
				C7143AC124751D0500DC8DEA /* UserDefaultsRepository.swift */,
			);
			path = Repositories;
			sourceTree = "<group>";
		};
		C733EAFA24725D7800274445 = {
			isa = PBXGroup;
			children = (
				C733EB0524725D7800274445 /* RandomatorDemoApp */,
				C733EB0424725D7800274445 /* Products */,
				F302655C21D745CA53F926DD /* Pods */,
				D5A5215CE9C671F494D86BBE /* Frameworks */,
			);
			sourceTree = "<group>";
		};
		C733EB0424725D7800274445 /* Products */ = {
			isa = PBXGroup;
			children = (
				C733EB0324725D7800274445 /* RandomatorDemoApp.app */,
			);
			name = Products;
			sourceTree = "<group>";
		};
		C733EB0524725D7800274445 /* RandomatorDemoApp */ = {
			isa = PBXGroup;
			children = (
				C7143ABE24751A4500DC8DEA /* Repositories */,
				C7E7A6A32473B6270027322C /* Modules */,
				C7039EFA247429D200A8845B /* MainNavigation */,
				C7E7A6982472C7AC0027322C /* Configurator */,
				C733EB1A2472607400274445 /* Coordinator */,
				C76699E0247430A900905DE1 /* Extensions */,
				C733EB0624725D7800274445 /* AppDelegate.swift */,
				C733EB0F24725D7900274445 /* Assets.xcassets */,
				C733EB1124725D7900274445 /* LaunchScreen.storyboard */,
				C733EB1424725D7900274445 /* Info.plist */,
			);
			path = RandomatorDemoApp;
			sourceTree = "<group>";
		};
		C733EB1A2472607400274445 /* Coordinator */ = {
			isa = PBXGroup;
			children = (
				C733EB1B2472608900274445 /* Coordinator.swift */,
				C733EB1D2472610400274445 /* AppCoordinator.swift */,
				C733EB1F247261FF00274445 /* StoryboardInstantiatable.swift */,
				C7039EE12473BC4600A8845B /* Coordinatable.swift */,
			);
			path = Coordinator;
			sourceTree = "<group>";
		};
		C76699E0247430A900905DE1 /* Extensions */ = {
			isa = PBXGroup;
			children = (
				C76699E1247430C900905DE1 /* Coordinator+AppCoordinator.swift */,
			);
			path = Extensions;
			sourceTree = "<group>";
		};
		C7E7A6982472C7AC0027322C /* Configurator */ = {
			isa = PBXGroup;
			children = (
				C7E7A6992472C7BD0027322C /* Configurator.swift */,
				C7E7A69B2472C7C50027322C /* DataSource.swift */,
			);
			path = Configurator;
			sourceTree = "<group>";
		};
		C7E7A69D2472CBFC0027322C /* Views */ = {
			isa = PBXGroup;
			children = (
				C7E7A69E2472CC2D0027322C /* RandomComponentTableViewCell.swift */,
				C7E7A69F2472CC2D0027322C /* RandomComponentTableViewCell.xib */,
			);
			path = Views;
			sourceTree = "<group>";
		};
		C7E7A6A22473B60D0027322C /* RandomComponentsModule */ = {
			isa = PBXGroup;
			children = (
				C7039EF32474271500A8845B /* RandomNumberComponent */,
				C7E7A6A42473B6990027322C /* RandomComponentsEnum.swift */,
				C7039EF12474270300A8845B /* RandomComponents.storyboard */,
			);
			path = RandomComponentsModule;
			sourceTree = "<group>";
		};
		C7E7A6A32473B6270027322C /* Modules */ = {
			isa = PBXGroup;
			children = (
				C7039EE32473CE5500A8845B /* ResultsSceneModule */,
				C70A4DCF2472662900E70996 /* SelectSceneModule */,
				C7E7A6A22473B60D0027322C /* RandomComponentsModule */,
			);
			path = Modules;
			sourceTree = "<group>";
		};
		D5A5215CE9C671F494D86BBE /* Frameworks */ = {
			isa = PBXGroup;
			children = (
				A7A488F3FE770F9CF3AE8C7F /* Pods_RandomatorDemoApp.framework */,
			);
			name = Frameworks;
			sourceTree = "<group>";
		};
		F302655C21D745CA53F926DD /* Pods */ = {
			isa = PBXGroup;
			children = (
				7F32D69737663E83B3CF00C3 /* Pods-RandomatorDemoApp.debug.xcconfig */,
				B667EB745053B798C5E8CF70 /* Pods-RandomatorDemoApp.release.xcconfig */,
			);
			path = Pods;
			sourceTree = "<group>";
		};
/* End PBXGroup section */

/* Begin PBXNativeTarget section */
		C733EB0224725D7800274445 /* RandomatorDemoApp */ = {
			isa = PBXNativeTarget;
			buildConfigurationList = C733EB1724725D7900274445 /* Build configuration list for PBXNativeTarget "RandomatorDemoApp" */;
			buildPhases = (
				4B86D36D117B24808CB819EA /* [CP] Check Pods Manifest.lock */,
				C733EAFF24725D7800274445 /* Sources */,
				C733EB0024725D7800274445 /* Frameworks */,
				C733EB0124725D7800274445 /* Resources */,
				404C656D77B5CC65C5F50C5D /* [CP] Embed Pods Frameworks */,
			);
			buildRules = (
			);
			dependencies = (
			);
			name = RandomatorDemoApp;
			productName = RandomatorDemoApp;
			productReference = C733EB0324725D7800274445 /* RandomatorDemoApp.app */;
			productType = "com.apple.product-type.application";
		};
/* End PBXNativeTarget section */

/* Begin PBXProject section */
		C733EAFB24725D7800274445 /* Project object */ = {
			isa = PBXProject;
			attributes = {
				LastSwiftUpdateCheck = 1140;
				LastUpgradeCheck = 1140;
				ORGANIZATIONNAME = "Aleksandar Geyman";
				TargetAttributes = {
					C733EB0224725D7800274445 = {
						CreatedOnToolsVersion = 11.4.1;
					};
				};
			};
			buildConfigurationList = C733EAFE24725D7800274445 /* Build configuration list for PBXProject "RandomatorDemoApp" */;
			compatibilityVersion = "Xcode 9.3";
			developmentRegion = en;
			hasScannedForEncodings = 0;
			knownRegions = (
				en,
				Base,
			);
			mainGroup = C733EAFA24725D7800274445;
			productRefGroup = C733EB0424725D7800274445 /* Products */;
			projectDirPath = "";
			projectRoot = "";
			targets = (
				C733EB0224725D7800274445 /* RandomatorDemoApp */,
			);
		};
/* End PBXProject section */

/* Begin PBXResourcesBuildPhase section */
		C733EB0124725D7800274445 /* Resources */ = {
			isa = PBXResourcesBuildPhase;
			buildActionMask = 2147483647;
			files = (
				C7039EEB2473CF8F00A8845B /* ResultsScene.storyboard in Resources */,
				C7E7A6A12472CC2D0027322C /* RandomComponentTableViewCell.xib in Resources */,
				C733EB1324725D7900274445 /* LaunchScreen.storyboard in Resources */,
				C7039EF02473CFD800A8845B /* ViewResultTableViewCell.xib in Resources */,
				C7039EF22474270300A8845B /* RandomComponents.storyboard in Resources */,
				C7039EFE24742A3A00A8845B /* MainNavigation.storyboard in Resources */,
				C733EB1024725D7900274445 /* Assets.xcassets in Resources */,
				C70A4DD12472664F00E70996 /* SelectScene.storyboard in Resources */,
			);
			runOnlyForDeploymentPostprocessing = 0;
		};
/* End PBXResourcesBuildPhase section */

/* Begin PBXShellScriptBuildPhase section */
		404C656D77B5CC65C5F50C5D /* [CP] Embed Pods Frameworks */ = {
			isa = PBXShellScriptBuildPhase;
			buildActionMask = 2147483647;
			files = (
			);
			inputFileListPaths = (
				"${PODS_ROOT}/Target Support Files/Pods-RandomatorDemoApp/Pods-RandomatorDemoApp-frameworks-${CONFIGURATION}-input-files.xcfilelist",
			);
			name = "[CP] Embed Pods Frameworks";
			outputFileListPaths = (
				"${PODS_ROOT}/Target Support Files/Pods-RandomatorDemoApp/Pods-RandomatorDemoApp-frameworks-${CONFIGURATION}-output-files.xcfilelist",
			);
			runOnlyForDeploymentPostprocessing = 0;
			shellPath = /bin/sh;
			shellScript = "\"${PODS_ROOT}/Target Support Files/Pods-RandomatorDemoApp/Pods-RandomatorDemoApp-frameworks.sh\"\n";
			showEnvVarsInLog = 0;
		};
		4B86D36D117B24808CB819EA /* [CP] Check Pods Manifest.lock */ = {
			isa = PBXShellScriptBuildPhase;
			buildActionMask = 2147483647;
			files = (
			);
			inputFileListPaths = (
			);
			inputPaths = (
				"${PODS_PODFILE_DIR_PATH}/Podfile.lock",
				"${PODS_ROOT}/Manifest.lock",
			);
			name = "[CP] Check Pods Manifest.lock";
			outputFileListPaths = (
			);
			outputPaths = (
				"$(DERIVED_FILE_DIR)/Pods-RandomatorDemoApp-checkManifestLockResult.txt",
			);
			runOnlyForDeploymentPostprocessing = 0;
			shellPath = /bin/sh;
			shellScript = "diff \"${PODS_PODFILE_DIR_PATH}/Podfile.lock\" \"${PODS_ROOT}/Manifest.lock\" > /dev/null\nif [ $? != 0 ] ; then\n    # print error to STDERR\n    echo \"error: The sandbox is not in sync with the Podfile.lock. Run 'pod install' or update your CocoaPods installation.\" >&2\n    exit 1\nfi\n# This output is used by Xcode 'outputs' to avoid re-running this script phase.\necho \"SUCCESS\" > \"${SCRIPT_OUTPUT_FILE_0}\"\n";
			showEnvVarsInLog = 0;
		};
/* End PBXShellScriptBuildPhase section */

/* Begin PBXSourcesBuildPhase section */
		C733EAFF24725D7800274445 /* Sources */ = {
			isa = PBXSourcesBuildPhase;
			buildActionMask = 2147483647;
			files = (
				C7143AC024751A6300DC8DEA /* RecentResultsRepository.swift in Sources */,
				C7039EE72473CF6300A8845B /* ResultsSceneVC.swift in Sources */,
				C7E7A69A2472C7BD0027322C /* Configurator.swift in Sources */,
				C7039EF52474276200A8845B /* RandomNumberSceneVC.swift in Sources */,
				C70A4DD32472666700E70996 /* SelectSceneVC.swift in Sources */,
				C7E7A6A52473B6990027322C /* RandomComponentsEnum.swift in Sources */,
				C70A4DD72472668B00E70996 /* SelectSceneCoordinator.swift in Sources */,
				C7039EEF2473CFD800A8845B /* ViewResultTableViewCell.swift in Sources */,
				C7E7A69C2472C7C50027322C /* DataSource.swift in Sources */,
				C7039EE22473BC4600A8845B /* Coordinatable.swift in Sources */,
				C7039EFC24742A2700A8845B /* TabBarVC.swift in Sources */,
				C733EB1E2472610400274445 /* AppCoordinator.swift in Sources */,
				C7143AC224751D0500DC8DEA /* UserDefaultsRepository.swift in Sources */,
				C733EB20247261FF00274445 /* StoryboardInstantiatable.swift in Sources */,
				C7039EF72474283C00A8845B /* RandomNumberSceneVM.swift in Sources */,
				C70A4DD52472667800E70996 /* SelectSceneVM.swift in Sources */,
				C7039EE92473CF7B00A8845B /* ResultsSceneVM.swift in Sources */,
				C7039EF92474293200A8845B /* TabBarCoordinator.swift in Sources */,
				C733EB1C2472608900274445 /* Coordinator.swift in Sources */,
				C7E7A6A02472CC2D0027322C /* RandomComponentTableViewCell.swift in Sources */,
				C76699E2247430C900905DE1 /* Coordinator+AppCoordinator.swift in Sources */,
				C733EB0724725D7800274445 /* AppDelegate.swift in Sources */,
			);
			runOnlyForDeploymentPostprocessing = 0;
		};
/* End PBXSourcesBuildPhase section */

/* Begin PBXVariantGroup section */
		C733EB1124725D7900274445 /* LaunchScreen.storyboard */ = {
			isa = PBXVariantGroup;
			children = (
				C733EB1224725D7900274445 /* Base */,
			);
			name = LaunchScreen.storyboard;
			sourceTree = "<group>";
		};
/* End PBXVariantGroup section */

/* Begin XCBuildConfiguration section */
		C733EB1524725D7900274445 /* Debug */ = {
			isa = XCBuildConfiguration;
			buildSettings = {
				ALWAYS_SEARCH_USER_PATHS = NO;
				CLANG_ANALYZER_NONNULL = YES;
				CLANG_ANALYZER_NUMBER_OBJECT_CONVERSION = YES_AGGRESSIVE;
				CLANG_CXX_LANGUAGE_STANDARD = "gnu++14";
				CLANG_CXX_LIBRARY = "libc++";
				CLANG_ENABLE_MODULES = YES;
				CLANG_ENABLE_OBJC_ARC = YES;
				CLANG_ENABLE_OBJC_WEAK = YES;
				CLANG_WARN_BLOCK_CAPTURE_AUTORELEASING = YES;
				CLANG_WARN_BOOL_CONVERSION = YES;
				CLANG_WARN_COMMA = YES;
				CLANG_WARN_CONSTANT_CONVERSION = YES;
				CLANG_WARN_DEPRECATED_OBJC_IMPLEMENTATIONS = YES;
				CLANG_WARN_DIRECT_OBJC_ISA_USAGE = YES_ERROR;
				CLANG_WARN_DOCUMENTATION_COMMENTS = YES;
				CLANG_WARN_EMPTY_BODY = YES;
				CLANG_WARN_ENUM_CONVERSION = YES;
				CLANG_WARN_INFINITE_RECURSION = YES;
				CLANG_WARN_INT_CONVERSION = YES;
				CLANG_WARN_NON_LITERAL_NULL_CONVERSION = YES;
				CLANG_WARN_OBJC_IMPLICIT_RETAIN_SELF = YES;
				CLANG_WARN_OBJC_LITERAL_CONVERSION = YES;
				CLANG_WARN_OBJC_ROOT_CLASS = YES_ERROR;
				CLANG_WARN_RANGE_LOOP_ANALYSIS = YES;
				CLANG_WARN_STRICT_PROTOTYPES = YES;
				CLANG_WARN_SUSPICIOUS_MOVE = YES;
				CLANG_WARN_UNGUARDED_AVAILABILITY = YES_AGGRESSIVE;
				CLANG_WARN_UNREACHABLE_CODE = YES;
				CLANG_WARN__DUPLICATE_METHOD_MATCH = YES;
				COPY_PHASE_STRIP = NO;
				DEBUG_INFORMATION_FORMAT = dwarf;
				ENABLE_STRICT_OBJC_MSGSEND = YES;
				ENABLE_TESTABILITY = YES;
				GCC_C_LANGUAGE_STANDARD = gnu11;
				GCC_DYNAMIC_NO_PIC = NO;
				GCC_NO_COMMON_BLOCKS = YES;
				GCC_OPTIMIZATION_LEVEL = 0;
				GCC_PREPROCESSOR_DEFINITIONS = (
					"DEBUG=1",
					"$(inherited)",
				);
				GCC_WARN_64_TO_32_BIT_CONVERSION = YES;
				GCC_WARN_ABOUT_RETURN_TYPE = YES_ERROR;
				GCC_WARN_UNDECLARED_SELECTOR = YES;
				GCC_WARN_UNINITIALIZED_AUTOS = YES_AGGRESSIVE;
				GCC_WARN_UNUSED_FUNCTION = YES;
				GCC_WARN_UNUSED_VARIABLE = YES;
				IPHONEOS_DEPLOYMENT_TARGET = 13.4;
				MTL_ENABLE_DEBUG_INFO = INCLUDE_SOURCE;
				MTL_FAST_MATH = YES;
				ONLY_ACTIVE_ARCH = YES;
				SDKROOT = iphoneos;
				SWIFT_ACTIVE_COMPILATION_CONDITIONS = DEBUG;
				SWIFT_OPTIMIZATION_LEVEL = "-Onone";
			};
			name = Debug;
		};
		C733EB1624725D7900274445 /* Release */ = {
			isa = XCBuildConfiguration;
			buildSettings = {
				ALWAYS_SEARCH_USER_PATHS = NO;
				CLANG_ANALYZER_NONNULL = YES;
				CLANG_ANALYZER_NUMBER_OBJECT_CONVERSION = YES_AGGRESSIVE;
				CLANG_CXX_LANGUAGE_STANDARD = "gnu++14";
				CLANG_CXX_LIBRARY = "libc++";
				CLANG_ENABLE_MODULES = YES;
				CLANG_ENABLE_OBJC_ARC = YES;
				CLANG_ENABLE_OBJC_WEAK = YES;
				CLANG_WARN_BLOCK_CAPTURE_AUTORELEASING = YES;
				CLANG_WARN_BOOL_CONVERSION = YES;
				CLANG_WARN_COMMA = YES;
				CLANG_WARN_CONSTANT_CONVERSION = YES;
				CLANG_WARN_DEPRECATED_OBJC_IMPLEMENTATIONS = YES;
				CLANG_WARN_DIRECT_OBJC_ISA_USAGE = YES_ERROR;
				CLANG_WARN_DOCUMENTATION_COMMENTS = YES;
				CLANG_WARN_EMPTY_BODY = YES;
				CLANG_WARN_ENUM_CONVERSION = YES;
				CLANG_WARN_INFINITE_RECURSION = YES;
				CLANG_WARN_INT_CONVERSION = YES;
				CLANG_WARN_NON_LITERAL_NULL_CONVERSION = YES;
				CLANG_WARN_OBJC_IMPLICIT_RETAIN_SELF = YES;
				CLANG_WARN_OBJC_LITERAL_CONVERSION = YES;
				CLANG_WARN_OBJC_ROOT_CLASS = YES_ERROR;
				CLANG_WARN_RANGE_LOOP_ANALYSIS = YES;
				CLANG_WARN_STRICT_PROTOTYPES = YES;
				CLANG_WARN_SUSPICIOUS_MOVE = YES;
				CLANG_WARN_UNGUARDED_AVAILABILITY = YES_AGGRESSIVE;
				CLANG_WARN_UNREACHABLE_CODE = YES;
				CLANG_WARN__DUPLICATE_METHOD_MATCH = YES;
				COPY_PHASE_STRIP = NO;
				DEBUG_INFORMATION_FORMAT = "dwarf-with-dsym";
				ENABLE_NS_ASSERTIONS = NO;
				ENABLE_STRICT_OBJC_MSGSEND = YES;
				GCC_C_LANGUAGE_STANDARD = gnu11;
				GCC_NO_COMMON_BLOCKS = YES;
				GCC_WARN_64_TO_32_BIT_CONVERSION = YES;
				GCC_WARN_ABOUT_RETURN_TYPE = YES_ERROR;
				GCC_WARN_UNDECLARED_SELECTOR = YES;
				GCC_WARN_UNINITIALIZED_AUTOS = YES_AGGRESSIVE;
				GCC_WARN_UNUSED_FUNCTION = YES;
				GCC_WARN_UNUSED_VARIABLE = YES;
				IPHONEOS_DEPLOYMENT_TARGET = 13.4;
				MTL_ENABLE_DEBUG_INFO = NO;
				MTL_FAST_MATH = YES;
				SDKROOT = iphoneos;
				SWIFT_COMPILATION_MODE = wholemodule;
				SWIFT_OPTIMIZATION_LEVEL = "-O";
				VALIDATE_PRODUCT = YES;
			};
			name = Release;
		};
		C733EB1824725D7900274445 /* Debug */ = {
			isa = XCBuildConfiguration;
			baseConfigurationReference = 7F32D69737663E83B3CF00C3 /* Pods-RandomatorDemoApp.debug.xcconfig */;
			buildSettings = {
				ASSETCATALOG_COMPILER_APPICON_NAME = AppIcon;
				CODE_SIGN_STYLE = Automatic;
				DEVELOPMENT_TEAM = SCJZ794UJ6;
				INFOPLIST_FILE = RandomatorDemoApp/Info.plist;
				LD_RUNPATH_SEARCH_PATHS = (
					"$(inherited)",
					"@executable_path/Frameworks",
				);
				PRODUCT_BUNDLE_IDENTIFIER = com.aleksgeyman.RandomatorDemoApp;
				PRODUCT_NAME = "$(TARGET_NAME)";
				SWIFT_VERSION = 5.0;
				TARGETED_DEVICE_FAMILY = "1,2";
			};
			name = Debug;
		};
		C733EB1924725D7900274445 /* Release */ = {
			isa = XCBuildConfiguration;
			baseConfigurationReference = B667EB745053B798C5E8CF70 /* Pods-RandomatorDemoApp.release.xcconfig */;
			buildSettings = {
				ASSETCATALOG_COMPILER_APPICON_NAME = AppIcon;
				CODE_SIGN_STYLE = Automatic;
				DEVELOPMENT_TEAM = SCJZ794UJ6;
				INFOPLIST_FILE = RandomatorDemoApp/Info.plist;
				LD_RUNPATH_SEARCH_PATHS = (
					"$(inherited)",
					"@executable_path/Frameworks",
				);
				PRODUCT_BUNDLE_IDENTIFIER = com.aleksgeyman.RandomatorDemoApp;
				PRODUCT_NAME = "$(TARGET_NAME)";
				SWIFT_VERSION = 5.0;
				TARGETED_DEVICE_FAMILY = "1,2";
			};
			name = Release;
		};
/* End XCBuildConfiguration section */

/* Begin XCConfigurationList section */
		C733EAFE24725D7800274445 /* Build configuration list for PBXProject "RandomatorDemoApp" */ = {
			isa = XCConfigurationList;
			buildConfigurations = (
				C733EB1524725D7900274445 /* Debug */,
				C733EB1624725D7900274445 /* Release */,
			);
			defaultConfigurationIsVisible = 0;
			defaultConfigurationName = Release;
		};
		C733EB1724725D7900274445 /* Build configuration list for PBXNativeTarget "RandomatorDemoApp" */ = {
			isa = XCConfigurationList;
			buildConfigurations = (
				C733EB1824725D7900274445 /* Debug */,
				C733EB1924725D7900274445 /* Release */,
			);
			defaultConfigurationIsVisible = 0;
			defaultConfigurationName = Release;
		};
/* End XCConfigurationList section */
	};
	rootObject = C733EAFB24725D7800274445 /* Project object */;
}
